
Microsoft Visual Studio Solution File, Format Version 12.00
Project("{FAE04EC0-301F-11D3-BF4B-00C04F79EFBC}") = "SWEN_DMS", "SWEN_DMS\SWEN_DMS.csproj", "{DAE1ED97-0A57-4E2E-A391-55949CA7748E}"
EndProject
Project("{FAE04EC0-301F-11D3-BF4B-00C04F79EFBC}") = "SWEN_DMS.DAL", "SWEN_DMS.DAL\SWEN_DMS.DAL.csproj", "{6E32BEF3-1074-4A63-AE73-37765DCADFC8}"
EndProject
Project("{FAE04EC0-301F-11D3-BF4B-00C04F79EFBC}") = "SWEN_DMS.Models", "SWEN_DMS.Models\SWEN_DMS.Models.csproj", "{EB381987-9211-4466-9BF8-29F8B1708C81}"
EndProject
Project("{FAE04EC0-301F-11D3-BF4B-00C04F79EFBC}") = "SWEN_DMS.BLL", "SWEN_DMS.BLL\SWEN_DMS.BLL.csproj", "{E23A7BA1-3DB3-4053-98A5-AD34B5FD0907}"
EndProject
Project("{FAE04EC0-301F-11D3-BF4B-00C04F79EFBC}") = "SWEN_DMS.DTOs", "SWEN_DMS.DTOs\SWEN_DMS.DTOs.csproj", "{E7598130-7630-450E-9FCC-4458E2AA6738}"
EndProject
Project("{FAE04EC0-301F-11D3-BF4B-00C04F79EFBC}") = "SWEN_DMS.Tests", "SWEN_DMS.Tests\SWEN_DMS.Tests.csproj", "{25B27C86-EF6F-40D1-A364-081C41A94A19}"
EndProject
Project("{FAE04EC0-301F-11D3-BF4B-00C04F79EFBC}") = "SWEN_DMS.PL", "SWEN_DMS.PL\SWEN_DMS.PL.csproj", "{1A7B01F1-73B0-4CB3-B2C8-15E72F0C9179}"
EndProject
Project("{FAE04EC0-301F-11D3-BF4B-00C04F79EFBC}") = "SWEN_DMS.OcrWorker", "SWEN_DMS.OcrWorker\SWEN_DMS.OcrWorker.csproj", "{375BAA0F-1EAA-43DE-BF68-032802561E4E}"
EndProject
Project("{FAE04EC0-301F-11D3-BF4B-00C04F79EFBC}") = "SWEN_DMS.GenAIWorker", "SWEN_DMS.GenAIWorker\SWEN_DMS.GenAIWorker.csproj", "{5D235B42-BCFB-4593-9118-A5401165CEAA}"
EndProject
Global
	GlobalSection(SolutionConfigurationPlatforms) = preSolution
		Debug|Any CPU = Debug|Any CPU
		Release|Any CPU = Release|Any CPU
	EndGlobalSection
	GlobalSection(ProjectConfigurationPlatforms) = postSolution
		{DAE1ED97-0A57-4E2E-A391-55949CA7748E}.Debug|Any CPU.ActiveCfg = Debug|Any CPU
		{DAE1ED97-0A57-4E2E-A391-55949CA7748E}.Debug|Any CPU.Build.0 = Debug|Any CPU
		{DAE1ED97-0A57-4E2E-A391-55949CA7748E}.Release|Any CPU.ActiveCfg = Release|Any CPU
		{DAE1ED97-0A57-4E2E-A391-55949CA7748E}.Release|Any CPU.Build.0 = Release|Any CPU
		{6E32BEF3-1074-4A63-AE73-37765DCADFC8}.Debug|Any CPU.ActiveCfg = Debug|Any CPU
		{6E32BEF3-1074-4A63-AE73-37765DCADFC8}.Debug|Any CPU.Build.0 = Debug|Any CPU
		{6E32BEF3-1074-4A63-AE73-37765DCADFC8}.Release|Any CPU.ActiveCfg = Release|Any CPU
		{6E32BEF3-1074-4A63-AE73-37765DCADFC8}.Release|Any CPU.Build.0 = Release|Any CPU
		{EB381987-9211-4466-9BF8-29F8B1708C81}.Debug|Any CPU.ActiveCfg = Debug|Any CPU
		{EB381987-9211-4466-9BF8-29F8B1708C81}.Debug|Any CPU.Build.0 = Debug|Any CPU
		{EB381987-9211-4466-9BF8-29F8B1708C81}.Release|Any CPU.ActiveCfg = Release|Any CPU
		{EB381987-9211-4466-9BF8-29F8B1708C81}.Release|Any CPU.Build.0 = Release|Any CPU
		{E23A7BA1-3DB3-4053-98A5-AD34B5FD0907}.Debug|Any CPU.ActiveCfg = Debug|Any CPU
		{E23A7BA1-3DB3-4053-98A5-AD34B5FD0907}.Debug|Any CPU.Build.0 = Debug|Any CPU
		{E23A7BA1-3DB3-4053-98A5-AD34B5FD0907}.Release|Any CPU.ActiveCfg = Release|Any CPU
		{E23A7BA1-3DB3-4053-98A5-AD34B5FD0907}.Release|Any CPU.Build.0 = Release|Any CPU
		{E7598130-7630-450E-9FCC-4458E2AA6738}.Debug|Any CPU.ActiveCfg = Debug|Any CPU
		{E7598130-7630-450E-9FCC-4458E2AA6738}.Debug|Any CPU.Build.0 = Debug|Any CPU
		{E7598130-7630-450E-9FCC-4458E2AA6738}.Release|Any CPU.ActiveCfg = Release|Any CPU
		{E7598130-7630-450E-9FCC-4458E2AA6738}.Release|Any CPU.Build.0 = Release|Any CPU
		{25B27C86-EF6F-40D1-A364-081C41A94A19}.Debug|Any CPU.ActiveCfg = Debug|Any CPU
		{25B27C86-EF6F-40D1-A364-081C41A94A19}.Debug|Any CPU.Build.0 = Debug|Any CPU
		{25B27C86-EF6F-40D1-A364-081C41A94A19}.Release|Any CPU.ActiveCfg = Release|Any CPU
		{25B27C86-EF6F-40D1-A364-081C41A94A19}.Release|Any CPU.Build.0 = Release|Any CPU
		{1A7B01F1-73B0-4CB3-B2C8-15E72F0C9179}.Debug|Any CPU.ActiveCfg = Debug|Any CPU
		{1A7B01F1-73B0-4CB3-B2C8-15E72F0C9179}.Debug|Any CPU.Build.0 = Debug|Any CPU
		{1A7B01F1-73B0-4CB3-B2C8-15E72F0C9179}.Release|Any CPU.ActiveCfg = Release|Any CPU
		{1A7B01F1-73B0-4CB3-B2C8-15E72F0C9179}.Release|Any CPU.Build.0 = Release|Any CPU
		{375BAA0F-1EAA-43DE-BF68-032802561E4E}.Debug|Any CPU.ActiveCfg = Debug|Any CPU
		{375BAA0F-1EAA-43DE-BF68-032802561E4E}.Debug|Any CPU.Build.0 = Debug|Any CPU
		{375BAA0F-1EAA-43DE-BF68-032802561E4E}.Release|Any CPU.ActiveCfg = Release|Any CPU
		{375BAA0F-1EAA-43DE-BF68-032802561E4E}.Release|Any CPU.Build.0 = Release|Any CPU
		{5D235B42-BCFB-4593-9118-A5401165CEAA}.Debug|Any CPU.ActiveCfg = Debug|Any CPU
		{5D235B42-BCFB-4593-9118-A5401165CEAA}.Debug|Any CPU.Build.0 = Debug|Any CPU
		{5D235B42-BCFB-4593-9118-A5401165CEAA}.Release|Any CPU.ActiveCfg = Release|Any CPU
		{5D235B42-BCFB-4593-9118-A5401165CEAA}.Release|Any CPU.Build.0 = Release|Any CPU
	EndGlobalSection
EndGlobal
